PODS:
  - ffmpeg-kit-ios-full-gpl (6.0)

DEPENDENCIES:
  - ffmpeg-kit-ios-full-gpl (from `https://raw.githubusercontent.com/xpcapital/ffmpeg-kit-full-gpl/main/ffmpeg-kit-ios-full-gpl.podspec`)

EXTERNAL SOURCES:
  ffmpeg-kit-ios-full-gpl:
    :podspec: https://raw.githubusercontent.com/xpcapital/ffmpeg-kit-full-gpl/main/ffmpeg-kit-ios-full-gpl.podspec

SPEC CHECKSUMS:
  ffmpeg-kit-ios-full-gpl: 9a1eefc57e9f661c3f9cbb11c7d6df0fe280f90c

PODFILE CHECKSUM: 646b073d0cad566281177fef926d21442eb99236

COCOAPODS: 1.16.2
